
Microsoft Visual Studio Solution File, Format Version 12.00
Project("{FAE04EC0-301F-11D3-BF4B-00C04F79EFBC}") = "YouAreNotWorthy", "YouAreNotWorthy.csproj", "{4358610B-F3F4-4843-B7AF-98B7BC60DCDE}"
EndProject
Project("{2150E333-8FDC-42A3-9474-1A3956D46DE8}") = "Solution Items", "Solution Items", "{3F13C56E-0841-4E7D-A768-0E57D78D37DD}"
	ProjectSection(SolutionItems) = preProject
		README.md = README.md
	EndProjectSection
EndProject
Global
	GlobalSection(SolutionConfigurationPlatforms) = preSolution
		Debug|Any CPU = Debug|Any CPU
		Release|Any CPU = Release|Any CPU
	EndGlobalSection
	GlobalSection(ProjectConfigurationPlatforms) = postSolution
		{4358610B-F3F4-4843-B7AF-98B7BC60DCDE}.Debug|Any CPU.ActiveCfg = Debug|Any CPU
		{4358610B-F3F4-4843-B7AF-98B7BC60DCDE}.Debug|Any CPU.Build.0 = Debug|Any CPU
		{4358610B-F3F4-4843-B7AF-98B7BC60DCDE}.Release|Any CPU.ActiveCfg = Release|Any CPU
		{4358610B-F3F4-4843-B7AF-98B7BC60DCDE}.Release|Any CPU.Build.0 = Release|Any CPU
	EndGlobalSection
EndGlobal
